<?xml version="1.0" encoding="utf-8"?>
<Project ToolsVersion="4.0" xmlns="http://schemas.microsoft.com/developer/msbuild/2003">
  <ItemGroup>
    <ClCompile Include="..\..\Source\Camera.cpp" />
    <ClCompile Include="..\..\Source\Component.cpp" />
    <ClCompile Include="..\..\Source\ConditionTimer.cpp" />
    <ClCompile Include="..\..\Source\DX\Cube.cpp" />
    <ClCompile Include="..\..\Source\GameTimer.cpp" />
    <ClCompile Include="..\..\Source\Game\Game.cpp" />
    <ClCompile Include="..\..\Source\Game\GameEntity.cpp" />
    <ClCompile Include="..\..\Source\Game\GameEntityFactory.cpp" />
    <ClCompile Include="..\..\Source\Game\Maze.cpp" />
    <ClCompile Include="..\..\Source\GL\CameraGL.cpp" />
    <ClCompile Include="..\..\Source\GL\FXGL.cpp" />
    <ClCompile Include="..\..\Source\GL\FXManagementGL.cpp" />
    <ClCompile Include="..\..\Source\GL\GraphicsContainerGL.cpp" />
    <ClCompile Include="..\..\Source\GL\InputGL.cpp" />
    <ClCompile Include="..\..\Source\GL\RendererGL.cpp" />
    <ClCompile Include="..\..\Source\GL\TexManagementGL.cpp" />
    <ClCompile Include="..\..\Source\GL\Texture.cpp" />
    <ClCompile Include="..\..\Source\GL\WindowGL.cpp" />
    <ClCompile Include="..\..\Source\LinuxContainer.cpp" />
    <ClCompile Include="..\..\Source\Math\PacMath.cpp" />
    <ClCompile Include="..\..\Source\Messaging\ObserverDirector.cpp" />
    <ClCompile Include="..\..\Source\Renderer.cpp" />
    <ClCompile Include="..\..\Source\SoundEngine.cpp" />
    <ClCompile Include="..\..\Source\Timer.cpp" />
    <ClCompile Include="..\..\Source\Window.cpp" />
    <ClCompile Include="..\..\Source\WindowsContainer.cpp" />
    <ClCompile Include="..\..\Source\DX\CameraDX.cpp">
      <Filter>DX</Filter>
    </ClCompile>
    <ClCompile Include="..\..\Source\DX\GraphicsContainerDX.cpp">
      <Filter>DX</Filter>
    </ClCompile>
    <ClCompile Include="..\..\Source\DX\RendererDX.cpp">
      <Filter>DX</Filter>
    </ClCompile>
    <ClCompile Include="..\..\Source\DX\ShaderManagerDX.cpp">
      <Filter>DX</Filter>
    </ClCompile>
    <ClCompile Include="..\..\Source\DX\TextureManagerDX.cpp">
      <Filter>DX</Filter>
    </ClCompile>
    <ClCompile Include="..\..\Source\DX\WindowDX.cpp">
      <Filter>DX</Filter>
    </ClCompile>
  </ItemGroup>
  <ItemGroup>
    <ClInclude Include="..\..\Source\Behaviours\MoveBehaviour.h" />
    <ClInclude Include="..\..\Source\Behaviours\MoveBehaviourMaze.h" />
    <ClInclude Include="..\..\Source\Behaviours\MoveBehaviourMazeGhost.h" />
    <ClInclude Include="..\..\Source\Behaviours\MoveBehaviourMazePlayer.h" />
    <ClInclude Include="..\..\Source\Camera.h" />
    <ClInclude Include="..\..\Source\Common.h" />
    <ClInclude Include="..\..\Source\Component.h" />
    <ClInclude Include="..\..\Source\ConditionTimer.h" />
    <ClInclude Include="..\..\Source\DX\ConstantBuffers.h" />
    <ClInclude Include="..\..\Source\DX\Cube.h" />
    <ClInclude Include="..\..\Source\DX\InputContainer.h" />
    <ClInclude Include="..\..\Source\GameTimer.h" />
    <ClInclude Include="..\..\Source\Game\Game.h" />
    <ClInclude Include="..\..\Source\Game\GameEntity.h" />
    <ClInclude Include="..\..\Source\Game\GameEntityFactory.h" />
    <ClInclude Include="..\..\Source\Game\Maze.h" />
    <ClInclude Include="..\..\Source\GL\CameraGL.h" />
    <ClInclude Include="..\..\Source\GL\CommonGL.h" />
    <ClInclude Include="..\..\Source\GL\FXGL.h" />
    <ClInclude Include="..\..\Source\GL\FXManagementGL.h" />
    <ClInclude Include="..\..\Source\GL\GameEntityFactoryGL.h" />
    <ClInclude Include="..\..\Source\GL\GraphicsContainerGL.h" />
    <ClInclude Include="..\..\Source\GL\InputGL.h" />
    <ClInclude Include="..\..\Source\GL\RendererGL.h" />
    <ClInclude Include="..\..\Source\GL\TexManagementGL.h" />
    <ClInclude Include="..\..\Source\GL\Texture.h" />
    <ClInclude Include="..\..\Source\GL\UniformGL.h" />
    <ClInclude Include="..\..\Source\GL\WindowGL.h" />
    <ClInclude Include="..\..\Source\GraphicsContainer.h" />
    <ClInclude Include="..\..\Source\Light.h" />
    <ClInclude Include="..\..\Source\LinuxContainer.h" />
    <ClInclude Include="..\..\Source\Math\CommonMath.h" />
    <ClInclude Include="..\..\Source\Math\PacMath.h" />
    <ClInclude Include="..\..\Source\Messaging\Msg.h" />
    <ClInclude Include="..\..\Source\Messaging\MsgCamera.h" />
    <ClInclude Include="..\..\Source\Messaging\MsgDXWindowHandle.h" />
    <ClInclude Include="..\..\Source\Messaging\MsgEntity.h" />
    <ClInclude Include="..\..\Source\Messaging\MsgGlut.h" />
    <ClInclude Include="..\..\Source\Messaging\MsgGlutCallback.h" />
    <ClInclude Include="..\..\Source\Messaging\MsgKeyboard.h" />
    <ClInclude Include="..\..\Source\Messaging\MsgLight.h" />
    <ClInclude Include="..\..\Source\Messaging\MsgMouseClick.h" />
    <ClInclude Include="..\..\Source\Messaging\MsgMouseMove.h" />
    <ClInclude Include="..\..\Source\Messaging\MsgRender.h" />
    <ClInclude Include="..\..\Source\Messaging\MsgSound.h" />
    <ClInclude Include="..\..\Source\Messaging\MsgType.h" />
    <ClInclude Include="..\..\Source\Messaging\MsgZoom.h" />
    <ClInclude Include="..\..\Source\Messaging\Observer.h" />
    <ClInclude Include="..\..\Source\Messaging\ObserverDirector.h" />
    <ClInclude Include="..\..\Source\Messaging\SubscriptionMsg.h" />
    <ClInclude Include="..\..\Source\Renderer.h" />
    <ClInclude Include="..\..\Source\Singleton.h" />
    <ClInclude Include="..\..\Source\SoundEngine.h" />
    <ClInclude Include="..\..\Source\Timer.h" />
    <ClInclude Include="..\..\Source\Vertices\Pos.h" />
    <ClInclude Include="..\..\Source\Vertices\PosNorm.h" />
    <ClInclude Include="..\..\Source\Vertices\PosNormTex.h" />
    <ClInclude Include="..\..\Source\Window.h" />
    <ClInclude Include="..\..\Source\WindowsContainer.h" />
    <ClInclude Include="..\..\Source\DX\CameraDX.h">
      <Filter>DX</Filter>
    </ClInclude>
    <ClInclude Include="..\..\Source\DX\GameEntityFactoryDX.h">
      <Filter>DX</Filter>
    </ClInclude>
    <ClInclude Include="..\..\Source\DX\GraphicsContainerDX.h">
      <Filter>DX</Filter>
    </ClInclude>
    <ClInclude Include="..\..\Source\DX\RendererDX.h">
      <Filter>DX</Filter>
    </ClInclude>
    <ClInclude Include="..\..\Source\DX\ShaderManagerDX.h">
      <Filter>DX</Filter>
    </ClInclude>
    <ClInclude Include="..\..\Source\DX\TextureManagerDX.h">
      <Filter>DX</Filter>
    </ClInclude>
    <ClInclude Include="..\..\Source\DX\WindowDX.h">
      <Filter>DX</Filter>
    </ClInclude>
  </ItemGroup>
  <ItemGroup>
    <None Include="..\..\Levels\maze1.txt" />
    <None Include="..\..\Shaders\DX\Light.hlsl" />
    <None Include="..\..\Shaders\DX\Shader.hlsl" />
    <None Include="..\..\Shaders\GL\DefaultFragmentShader.glsl" />
    <None Include="..\..\Shaders\GL\DefaultVertexShader.glsl" />
  </ItemGroup>
  <ItemGroup>
    <Filter Include="DX">
      <UniqueIdentifier>{8cf85d0b-d79a-455b-98a2-93f616689383}</UniqueIdentifier>
    </Filter>
    <Filter Include="GL">
      <UniqueIdentifier>{f5f85cb2-be32-468e-834e-6706a975d010}</UniqueIdentifier>
    </Filter>
  </ItemGroup>
</Project>